
Microsoft Visual Studio Solution File, Format Version 12.00
# Visual Studio Version 17
VisualStudioVersion = 17.4.33213.308
MinimumVisualStudioVersion = 10.0.40219.1
Project("{2150E333-8FDC-42A3-9474-1A3956D46DE8}") = "3 - Theme", "3 - Theme", "{64C710EF-95D0-4811-A72E-58B2AC79E2B8}"
EndProject
Project("{2150E333-8FDC-42A3-9474-1A3956D46DE8}") = "1 - Test", "1 - Test", "{E2C0B11D-5ED5-4F22-8E56-F68982B6E59B}"
EndProject
Project("{9A19103F-16F7-4668-BE54-9A1E7A4F7556}") = "H.Test.Controls", "..\Source\Test\H.Test.Controls\H.Test.Controls.csproj", "{F6B8CBA9-C56C-4804-8491-4B8EA3E2BEB5}"
EndProject
Project("{9A19103F-16F7-4668-BE54-9A1E7A4F7556}") = "H.Themes.Default", "..\Source\Theme\H.Themes.Default\H.Themes.Default.csproj", "{F9B9BD4A-3BEA-49A0-BBB1-5DF79855E645}"
EndProject
Project("{2150E333-8FDC-42A3-9474-1A3956D46DE8}") = "2 - Window", "2 - Window", "{1AB0D62B-DCA9-4607-B3CC-7522CE1EF8C7}"
EndProject
Project("{9A19103F-16F7-4668-BE54-9A1E7A4F7556}") = "H.Window.Main", "..\Source\Window\H.Window.Main\H.Window.Main.csproj", "{1E6F4F31-46F1-4101-9979-84D145464EA4}"
EndProject
Project("{9A19103F-16F7-4668-BE54-9A1E7A4F7556}") = "H.Test.Window.Main", "..\Source\Test\H.Test.Window.Main\H.Test.Window.Main.csproj", "{97AC1E92-BF00-4BA6-AADE-E34EC577F689}"
EndProject
Project("{9A19103F-16F7-4668-BE54-9A1E7A4F7556}") = "H.Window.Dialog", "..\Source\Window\H.Window.Dialog\H.Window.Dialog.csproj", "{9A7B0826-78D8-4611-A465-E339F3FF4CF8}"
EndProject
Project("{9A19103F-16F7-4668-BE54-9A1E7A4F7556}") = "H.Data.Test", "..\Source\Data\H.Data.Test\H.Data.Test.csproj", "{0635DE70-AEE6-47CE-8BAD-B34C39ACBAD1}"
EndProject
Project("{2150E333-8FDC-42A3-9474-1A3956D46DE8}") = "2 - Data", "2 - Data", "{203DE0AB-C024-4C35-8D50-9EA0720F7CE4}"
EndProject
Project("{9A19103F-16F7-4668-BE54-9A1E7A4F7556}") = "H.Test.XamlBehaviors", "..\Source\Test\H.Test.XamlBehaviors\H.Test.XamlBehaviors.csproj", "{E0BDF3CA-F34F-440C-880F-0FFBB0D167C8}"
EndProject
Project("{9A19103F-16F7-4668-BE54-9A1E7A4F7556}") = "H.Test.Mvvm", "..\Source\Test\H.Test.Mvvm\H.Test.Mvvm.csproj", "{983D332F-0817-4A86-B685-56C061344FC3}"
EndProject
Project("{9A19103F-16F7-4668-BE54-9A1E7A4F7556}") = "H.Test.DependencyInjection", "..\Source\Test\H.Test.DependencyInjection\H.Test.DependencyInjection.csproj", "{A16516CE-0831-4AFE-87F4-239FCFD75D84}"
EndProject
Project("{9A19103F-16F7-4668-BE54-9A1E7A4F7556}") = "H.Provider.Ioc", "..\Source\Provider\H.Provider.Ioc\H.Provider.Ioc.csproj", "{DFAECA85-610D-40C3-9E92-2C5B1729637B}"
EndProject
Project("{9A19103F-16F7-4668-BE54-9A1E7A4F7556}") = "H.Extensions.ApplicationBase", "..\Source\Extensions\H.Extensions.ApplicationBase\H.Extensions.ApplicationBase.csproj", "{44BC83C0-C598-47D6-8C55-243942C42B67}"
EndProject
Project("{2150E333-8FDC-42A3-9474-1A3956D46DE8}") = "4 - Extensions", "4 - Extensions", "{09F8FD00-E76A-4D72-AAB4-7FA06DBE12D4}"
EndProject
Project("{2150E333-8FDC-42A3-9474-1A3956D46DE8}") = "5 - Provider", "5 - Provider", "{93892A11-5FF0-4EB2-AA73-F330E1F9515E}"
EndProject
Project("{9A19103F-16F7-4668-BE54-9A1E7A4F7556}") = "H.Window.SplashScreen", "..\Source\Window\H.Window.SplashScreen\H.Window.SplashScreen.csproj", "{799238BC-D56C-4F00-B5CD-CB973085306E}"
EndProject
Project("{9A19103F-16F7-4668-BE54-9A1E7A4F7556}") = "H.Window.Login", "..\Source\Window\H.Window.Login\H.Window.Login.csproj", "{D9F3C2C9-B3CC-4B13-B5A7-9956297C40E6}"
EndProject
Project("{9A19103F-16F7-4668-BE54-9A1E7A4F7556}") = "H.Test.ApplicationBase", "..\Source\Test\H.Test.ApplicationBase\H.Test.ApplicationBase.csproj", "{3B4F183A-66D7-4C53-A40B-42D71549DB56}"
EndProject
Project("{2150E333-8FDC-42A3-9474-1A3956D46DE8}") = "3 - Controls", "3 - Controls", "{9E63ED70-6F96-4CB2-8B9D-EAEC77D0548E}"
EndProject
Project("{9A19103F-16F7-4668-BE54-9A1E7A4F7556}") = "H.Controls.Dock", "..\Source\Controls\H.Controls.Dock\H.Controls.Dock.csproj", "{60FFCCA7-5F2C-4D56-B402-DB918EAA7DA2}"
EndProject
Project("{FAE04EC0-301F-11D3-BF4B-00C04F79EFBC}") = "H.Test.Dock", "..\Source\Test\H.Test.Dock\H.Test.Dock.csproj", "{C1FFB74E-8D58-46D4-88F8-E2780AF3F971}"
EndProject
Global
	GlobalSection(SolutionConfigurationPlatforms) = preSolution
		Debug|Any CPU = Debug|Any CPU
		Release|Any CPU = Release|Any CPU
	EndGlobalSection
	GlobalSection(ProjectConfigurationPlatforms) = postSolution
		{F6B8CBA9-C56C-4804-8491-4B8EA3E2BEB5}.Debug|Any CPU.ActiveCfg = Debug|Any CPU
		{F6B8CBA9-C56C-4804-8491-4B8EA3E2BEB5}.Debug|Any CPU.Build.0 = Debug|Any CPU
		{F6B8CBA9-C56C-4804-8491-4B8EA3E2BEB5}.Release|Any CPU.ActiveCfg = Release|Any CPU
		{F6B8CBA9-C56C-4804-8491-4B8EA3E2BEB5}.Release|Any CPU.Build.0 = Release|Any CPU
		{F9B9BD4A-3BEA-49A0-BBB1-5DF79855E645}.Debug|Any CPU.ActiveCfg = Debug|Any CPU
		{F9B9BD4A-3BEA-49A0-BBB1-5DF79855E645}.Debug|Any CPU.Build.0 = Debug|Any CPU
		{F9B9BD4A-3BEA-49A0-BBB1-5DF79855E645}.Release|Any CPU.ActiveCfg = Release|Any CPU
		{F9B9BD4A-3BEA-49A0-BBB1-5DF79855E645}.Release|Any CPU.Build.0 = Release|Any CPU
		{1E6F4F31-46F1-4101-9979-84D145464EA4}.Debug|Any CPU.ActiveCfg = Debug|Any CPU
		{1E6F4F31-46F1-4101-9979-84D145464EA4}.Debug|Any CPU.Build.0 = Debug|Any CPU
		{1E6F4F31-46F1-4101-9979-84D145464EA4}.Release|Any CPU.ActiveCfg = Release|Any CPU
		{1E6F4F31-46F1-4101-9979-84D145464EA4}.Release|Any CPU.Build.0 = Release|Any CPU
		{97AC1E92-BF00-4BA6-AADE-E34EC577F689}.Debug|Any CPU.ActiveCfg = Debug|Any CPU
		{97AC1E92-BF00-4BA6-AADE-E34EC577F689}.Debug|Any CPU.Build.0 = Debug|Any CPU
		{97AC1E92-BF00-4BA6-AADE-E34EC577F689}.Release|Any CPU.ActiveCfg = Release|Any CPU
		{97AC1E92-BF00-4BA6-AADE-E34EC577F689}.Release|Any CPU.Build.0 = Release|Any CPU
		{9A7B0826-78D8-4611-A465-E339F3FF4CF8}.Debug|Any CPU.ActiveCfg = Debug|Any CPU
		{9A7B0826-78D8-4611-A465-E339F3FF4CF8}.Debug|Any CPU.Build.0 = Debug|Any CPU
		{9A7B0826-78D8-4611-A465-E339F3FF4CF8}.Release|Any CPU.ActiveCfg = Release|Any CPU
		{9A7B0826-78D8-4611-A465-E339F3FF4CF8}.Release|Any CPU.Build.0 = Release|Any CPU
		{0635DE70-AEE6-47CE-8BAD-B34C39ACBAD1}.Debug|Any CPU.ActiveCfg = Debug|Any CPU
		{0635DE70-AEE6-47CE-8BAD-B34C39ACBAD1}.Debug|Any CPU.Build.0 = Debug|Any CPU
		{0635DE70-AEE6-47CE-8BAD-B34C39ACBAD1}.Release|Any CPU.ActiveCfg = Release|Any CPU
		{0635DE70-AEE6-47CE-8BAD-B34C39ACBAD1}.Release|Any CPU.Build.0 = Release|Any CPU
		{E0BDF3CA-F34F-440C-880F-0FFBB0D167C8}.Debug|Any CPU.ActiveCfg = Debug|Any CPU
		{E0BDF3CA-F34F-440C-880F-0FFBB0D167C8}.Debug|Any CPU.Build.0 = Debug|Any CPU
		{E0BDF3CA-F34F-440C-880F-0FFBB0D167C8}.Release|Any CPU.ActiveCfg = Release|Any CPU
		{E0BDF3CA-F34F-440C-880F-0FFBB0D167C8}.Release|Any CPU.Build.0 = Release|Any CPU
		{983D332F-0817-4A86-B685-56C061344FC3}.Debug|Any CPU.ActiveCfg = Debug|Any CPU
		{983D332F-0817-4A86-B685-56C061344FC3}.Debug|Any CPU.Build.0 = Debug|Any CPU
		{983D332F-0817-4A86-B685-56C061344FC3}.Release|Any CPU.ActiveCfg = Release|Any CPU
		{983D332F-0817-4A86-B685-56C061344FC3}.Release|Any CPU.Build.0 = Release|Any CPU
		{A16516CE-0831-4AFE-87F4-239FCFD75D84}.Debug|Any CPU.ActiveCfg = Debug|Any CPU
		{A16516CE-0831-4AFE-87F4-239FCFD75D84}.Debug|Any CPU.Build.0 = Debug|Any CPU
		{A16516CE-0831-4AFE-87F4-239FCFD75D84}.Release|Any CPU.ActiveCfg = Release|Any CPU
		{A16516CE-0831-4AFE-87F4-239FCFD75D84}.Release|Any CPU.Build.0 = Release|Any CPU
		{DFAECA85-610D-40C3-9E92-2C5B1729637B}.Debug|Any CPU.ActiveCfg = Debug|Any CPU
		{DFAECA85-610D-40C3-9E92-2C5B1729637B}.Debug|Any CPU.Build.0 = Debug|Any CPU
		{DFAECA85-610D-40C3-9E92-2C5B1729637B}.Release|Any CPU.ActiveCfg = Release|Any CPU
		{DFAECA85-610D-40C3-9E92-2C5B1729637B}.Release|Any CPU.Build.0 = Release|Any CPU
		{44BC83C0-C598-47D6-8C55-243942C42B67}.Debug|Any CPU.ActiveCfg = Debug|Any CPU
		{44BC83C0-C598-47D6-8C55-243942C42B67}.Debug|Any CPU.Build.0 = Debug|Any CPU
		{44BC83C0-C598-47D6-8C55-243942C42B67}.Release|Any CPU.ActiveCfg = Release|Any CPU
		{44BC83C0-C598-47D6-8C55-243942C42B67}.Release|Any CPU.Build.0 = Release|Any CPU
		{799238BC-D56C-4F00-B5CD-CB973085306E}.Debug|Any CPU.ActiveCfg = Debug|Any CPU
		{799238BC-D56C-4F00-B5CD-CB973085306E}.Debug|Any CPU.Build.0 = Debug|Any CPU
		{799238BC-D56C-4F00-B5CD-CB973085306E}.Release|Any CPU.ActiveCfg = Release|Any CPU
		{799238BC-D56C-4F00-B5CD-CB973085306E}.Release|Any CPU.Build.0 = Release|Any CPU
		{D9F3C2C9-B3CC-4B13-B5A7-9956297C40E6}.Debug|Any CPU.ActiveCfg = Debug|Any CPU
		{D9F3C2C9-B3CC-4B13-B5A7-9956297C40E6}.Debug|Any CPU.Build.0 = Debug|Any CPU
		{D9F3C2C9-B3CC-4B13-B5A7-9956297C40E6}.Release|Any CPU.ActiveCfg = Release|Any CPU
		{D9F3C2C9-B3CC-4B13-B5A7-9956297C40E6}.Release|Any CPU.Build.0 = Release|Any CPU
		{3B4F183A-66D7-4C53-A40B-42D71549DB56}.Debug|Any CPU.ActiveCfg = Debug|Any CPU
		{3B4F183A-66D7-4C53-A40B-42D71549DB56}.Debug|Any CPU.Build.0 = Debug|Any CPU
		{3B4F183A-66D7-4C53-A40B-42D71549DB56}.Release|Any CPU.ActiveCfg = Release|Any CPU
		{3B4F183A-66D7-4C53-A40B-42D71549DB56}.Release|Any CPU.Build.0 = Release|Any CPU
		{60FFCCA7-5F2C-4D56-B402-DB918EAA7DA2}.Debug|Any CPU.ActiveCfg = Debug|Any CPU
		{60FFCCA7-5F2C-4D56-B402-DB918EAA7DA2}.Debug|Any CPU.Build.0 = Debug|Any CPU
		{60FFCCA7-5F2C-4D56-B402-DB918EAA7DA2}.Release|Any CPU.ActiveCfg = Release|Any CPU
		{60FFCCA7-5F2C-4D56-B402-DB918EAA7DA2}.Release|Any CPU.Build.0 = Release|Any CPU
		{C1FFB74E-8D58-46D4-88F8-E2780AF3F971}.Debug|Any CPU.ActiveCfg = Debug|Any CPU
		{C1FFB74E-8D58-46D4-88F8-E2780AF3F971}.Debug|Any CPU.Build.0 = Debug|Any CPU
		{C1FFB74E-8D58-46D4-88F8-E2780AF3F971}.Release|Any CPU.ActiveCfg = Release|Any CPU
		{C1FFB74E-8D58-46D4-88F8-E2780AF3F971}.Release|Any CPU.Build.0 = Release|Any CPU
	EndGlobalSection
	GlobalSection(SolutionProperties) = preSolution
		HideSolutionNode = FALSE
	EndGlobalSection
	GlobalSection(NestedProjects) = preSolution
		{F6B8CBA9-C56C-4804-8491-4B8EA3E2BEB5} = {E2C0B11D-5ED5-4F22-8E56-F68982B6E59B}
		{F9B9BD4A-3BEA-49A0-BBB1-5DF79855E645} = {64C710EF-95D0-4811-A72E-58B2AC79E2B8}
		{1E6F4F31-46F1-4101-9979-84D145464EA4} = {1AB0D62B-DCA9-4607-B3CC-7522CE1EF8C7}
		{97AC1E92-BF00-4BA6-AADE-E34EC577F689} = {E2C0B11D-5ED5-4F22-8E56-F68982B6E59B}
		{9A7B0826-78D8-4611-A465-E339F3FF4CF8} = {1AB0D62B-DCA9-4607-B3CC-7522CE1EF8C7}
		{0635DE70-AEE6-47CE-8BAD-B34C39ACBAD1} = {203DE0AB-C024-4C35-8D50-9EA0720F7CE4}
		{E0BDF3CA-F34F-440C-880F-0FFBB0D167C8} = {E2C0B11D-5ED5-4F22-8E56-F68982B6E59B}
		{983D332F-0817-4A86-B685-56C061344FC3} = {E2C0B11D-5ED5-4F22-8E56-F68982B6E59B}
		{A16516CE-0831-4AFE-87F4-239FCFD75D84} = {E2C0B11D-5ED5-4F22-8E56-F68982B6E59B}
		{DFAECA85-610D-40C3-9E92-2C5B1729637B} = {93892A11-5FF0-4EB2-AA73-F330E1F9515E}
		{44BC83C0-C598-47D6-8C55-243942C42B67} = {09F8FD00-E76A-4D72-AAB4-7FA06DBE12D4}
		{799238BC-D56C-4F00-B5CD-CB973085306E} = {1AB0D62B-DCA9-4607-B3CC-7522CE1EF8C7}
		{D9F3C2C9-B3CC-4B13-B5A7-9956297C40E6} = {1AB0D62B-DCA9-4607-B3CC-7522CE1EF8C7}
		{3B4F183A-66D7-4C53-A40B-42D71549DB56} = {E2C0B11D-5ED5-4F22-8E56-F68982B6E59B}
		{60FFCCA7-5F2C-4D56-B402-DB918EAA7DA2} = {9E63ED70-6F96-4CB2-8B9D-EAEC77D0548E}
		{C1FFB74E-8D58-46D4-88F8-E2780AF3F971} = {E2C0B11D-5ED5-4F22-8E56-F68982B6E59B}
	EndGlobalSection
	GlobalSection(ExtensibilityGlobals) = postSolution
		SolutionGuid = {DF825C3D-F4F4-4E62-BBFF-B42A5E81112F}
	EndGlobalSection
EndGlobal
